
Microsoft Visual Studio Solution File, Format Version 12.00
# Visual Studio Version 16
VisualStudioVersion = 16.0.30225.117
MinimumVisualStudioVersion = 10.0.40219.1
Project("{FAE04EC0-301F-11D3-BF4B-00C04F79EFBC}") = "DemoEdiReader", "DemoEdiReader\DemoEdiReader.csproj", "{1CFA2910-83B2-4ECD-A18F-69D4643FBB56}"
EndProject
Global
	GlobalSection(SolutionConfigurationPlatforms) = preSolution
		Debug|Any CPU = Debug|Any CPU
		Release|Any CPU = Release|Any CPU
	EndGlobalSection
	GlobalSection(ProjectConfigurationPlatforms) = postSolution
		{1CFA2910-83B2-4ECD-A18F-69D4643FBB56}.Debug|Any CPU.ActiveCfg = Debug|Any CPU
		{1CFA2910-83B2-4ECD-A18F-69D4643FBB56}.Debug|Any CPU.Build.0 = Debug|Any CPU
		{1CFA2910-83B2-4ECD-A18F-69D4643FBB56}.Release|Any CPU.ActiveCfg = Release|Any CPU
		{1CFA2910-83B2-4ECD-A18F-69D4643FBB56}.Release|Any CPU.Build.0 = Release|Any CPU
	EndGlobalSection
	GlobalSection(SolutionProperties) = preSolution
		HideSolutionNode = FALSE
	EndGlobalSection
	GlobalSection(ExtensibilityGlobals) = postSolution
		SolutionGuid = {39EEEA56-85E5-4071-9AA8-17F5E3264B39}
	EndGlobalSection
EndGlobal
